// !$*UTF8*$!
{
	archiveVersion = 1;
	classes = {
	};
	objectVersion = 50;
	objects = {

/* Begin PBXBuildFile section */
		A114D34D20D7EEB40067AC4A /* AppDelegate.swift in Sources */ = {isa = PBXBuildFile; fileRef = A114D34C20D7EEB40067AC4A /* AppDelegate.swift */; };
		A114D34F20D7EEB40067AC4A /* ViewController.swift in Sources */ = {isa = PBXBuildFile; fileRef = A114D34E20D7EEB40067AC4A /* ViewController.swift */; };
		A114D35220D7EEB40067AC4A /* Main.storyboard in Resources */ = {isa = PBXBuildFile; fileRef = A114D35020D7EEB40067AC4A /* Main.storyboard */; };
		A114D35420D7EEB50067AC4A /* Assets.xcassets in Resources */ = {isa = PBXBuildFile; fileRef = A114D35320D7EEB50067AC4A /* Assets.xcassets */; };
		A114D35720D7EEB50067AC4A /* LaunchScreen.storyboard in Resources */ = {isa = PBXBuildFile; fileRef = A114D35520D7EEB50067AC4A /* LaunchScreen.storyboard */; };
		A114D36220D7EEB50067AC4A /* PokedexTests.swift in Sources */ = {isa = PBXBuildFile; fileRef = A114D36120D7EEB50067AC4A /* PokedexTests.swift */; };
		A114D36D20D7EEB50067AC4A /* PokedexUITests.swift in Sources */ = {isa = PBXBuildFile; fileRef = A114D36C20D7EEB50067AC4A /* PokedexUITests.swift */; };
		A114D37B20D7F2070067AC4A /* pokemon.csv in Resources */ = {isa = PBXBuildFile; fileRef = A114D37A20D7F2070067AC4A /* pokemon.csv */; };
/* End PBXBuildFile section */

/* Begin PBXContainerItemProxy section */
		A114D35E20D7EEB50067AC4A /* PBXContainerItemProxy */ = {
			isa = PBXContainerItemProxy;
			containerPortal = A114D34120D7EEB40067AC4A /* Project object */;
			proxyType = 1;
			remoteGlobalIDString = A114D34820D7EEB40067AC4A;
			remoteInfo = Pokedex;
		};
		A114D36920D7EEB50067AC4A /* PBXContainerItemProxy */ = {
			isa = PBXContainerItemProxy;
			containerPortal = A114D34120D7EEB40067AC4A /* Project object */;
			proxyType = 1;
			remoteGlobalIDString = A114D34820D7EEB40067AC4A;
			remoteInfo = Pokedex;
		};
/* End PBXContainerItemProxy section */

/* Begin PBXFileReference section */
		A114D34920D7EEB40067AC4A /* Pokedex.app */ = {isa = PBXFileReference; explicitFileType = wrapper.application; includeInIndex = 0; path = Pokedex.app; sourceTree = BUILT_PRODUCTS_DIR; };
		A114D34C20D7EEB40067AC4A /* AppDelegate.swift */ = {isa = PBXFileReference; lastKnownFileType = sourcecode.swift; path = AppDelegate.swift; sourceTree = "<group>"; };
		A114D34E20D7EEB40067AC4A /* ViewController.swift */ = {isa = PBXFileReference; lastKnownFileType = sourcecode.swift; path = ViewController.swift; sourceTree = "<group>"; };
		A114D35120D7EEB40067AC4A /* Base */ = {isa = PBXFileReference; lastKnownFileType = file.storyboard; name = Base; path = Base.lproj/Main.storyboard; sourceTree = "<group>"; };
		A114D35320D7EEB50067AC4A /* Assets.xcassets */ = {isa = PBXFileReference; lastKnownFileType = folder.assetcatalog; path = Assets.xcassets; sourceTree = "<group>"; };
		A114D35620D7EEB50067AC4A /* Base */ = {isa = PBXFileReference; lastKnownFileType = file.storyboard; name = Base; path = Base.lproj/LaunchScreen.storyboard; sourceTree = "<group>"; };
		A114D35820D7EEB50067AC4A /* Info.plist */ = {isa = PBXFileReference; lastKnownFileType = text.plist.xml; path = Info.plist; sourceTree = "<group>"; };
		A114D35D20D7EEB50067AC4A /* PokedexTests.xctest */ = {isa = PBXFileReference; explicitFileType = wrapper.cfbundle; includeInIndex = 0; path = PokedexTests.xctest; sourceTree = BUILT_PRODUCTS_DIR; };
		A114D36120D7EEB50067AC4A /* PokedexTests.swift */ = {isa = PBXFileReference; lastKnownFileType = sourcecode.swift; path = PokedexTests.swift; sourceTree = "<group>"; };
		A114D36320D7EEB50067AC4A /* Info.plist */ = {isa = PBXFileReference; lastKnownFileType = text.plist.xml; path = Info.plist; sourceTree = "<group>"; };
		A114D36820D7EEB50067AC4A /* PokedexUITests.xctest */ = {isa = PBXFileReference; explicitFileType = wrapper.cfbundle; includeInIndex = 0; path = PokedexUITests.xctest; sourceTree = BUILT_PRODUCTS_DIR; };
		A114D36C20D7EEB50067AC4A /* PokedexUITests.swift */ = {isa = PBXFileReference; lastKnownFileType = sourcecode.swift; path = PokedexUITests.swift; sourceTree = "<group>"; };
		A114D36E20D7EEB50067AC4A /* Info.plist */ = {isa = PBXFileReference; lastKnownFileType = text.plist.xml; path = Info.plist; sourceTree = "<group>"; };
		A114D37A20D7F2070067AC4A /* pokemon.csv */ = {isa = PBXFileReference; fileEncoding = 4; lastKnownFileType = text; name = pokemon.csv; path = "../../../../../../Desktop/pokeapi-master/data/v1/pokemon.csv"; sourceTree = "<group>"; };
/* End PBXFileReference section */

/* Begin PBXFrameworksBuildPhase section */
		A114D34620D7EEB40067AC4A /* Frameworks */ = {
			isa = PBXFrameworksBuildPhase;
			buildActionMask = 2147483647;
			files = (
			);
			runOnlyForDeploymentPostprocessing = 0;
		};
		A114D35A20D7EEB50067AC4A /* Frameworks */ = {
			isa = PBXFrameworksBuildPhase;
			buildActionMask = 2147483647;
			files = (
			);
			runOnlyForDeploymentPostprocessing = 0;
		};
		A114D36520D7EEB50067AC4A /* Frameworks */ = {
			isa = PBXFrameworksBuildPhase;
			buildActionMask = 2147483647;
			files = (
			);
			runOnlyForDeploymentPostprocessing = 0;
		};
/* End PBXFrameworksBuildPhase section */

/* Begin PBXGroup section */
		A114D34020D7EEB40067AC4A = {
			isa = PBXGroup;
			children = (
				A114D34B20D7EEB40067AC4A /* Pokedex */,
				A114D36020D7EEB50067AC4A /* PokedexTests */,
				A114D36B20D7EEB50067AC4A /* PokedexUITests */,
				A114D34A20D7EEB40067AC4A /* Products */,
			);
			sourceTree = "<group>";
		};
		A114D34A20D7EEB40067AC4A /* Products */ = {
			isa = PBXGroup;
			children = (
				A114D34920D7EEB40067AC4A /* Pokedex.app */,
				A114D35D20D7EEB50067AC4A /* PokedexTests.xctest */,
				A114D36820D7EEB50067AC4A /* PokedexUITests.xctest */,
			);
			name = Products;
			sourceTree = "<group>";
		};
		A114D34B20D7EEB40067AC4A /* Pokedex */ = {
			isa = PBXGroup;
			children = (
				A114D34C20D7EEB40067AC4A /* AppDelegate.swift */,
				A114D34E20D7EEB40067AC4A /* ViewController.swift */,
				A114D35020D7EEB40067AC4A /* Main.storyboard */,
				A114D35320D7EEB50067AC4A /* Assets.xcassets */,
				A114D37A20D7F2070067AC4A /* pokemon.csv */,
				A114D35520D7EEB50067AC4A /* LaunchScreen.storyboard */,
				A114D35820D7EEB50067AC4A /* Info.plist */,
			);
			path = Pokedex;
			sourceTree = "<group>";
		};
		A114D36020D7EEB50067AC4A /* PokedexTests */ = {
			isa = PBXGroup;
			children = (
				A114D36120D7EEB50067AC4A /* PokedexTests.swift */,
				A114D36320D7EEB50067AC4A /* Info.plist */,
			);
			path = PokedexTests;
			sourceTree = "<group>";
		};
		A114D36B20D7EEB50067AC4A /* PokedexUITests */ = {
			isa = PBXGroup;
			children = (
				A114D36C20D7EEB50067AC4A /* PokedexUITests.swift */,
				A114D36E20D7EEB50067AC4A /* Info.plist */,
			);
			path = PokedexUITests;
			sourceTree = "<group>";
		};
/* End PBXGroup section */

/* Begin PBXNativeTarget section */
		A114D34820D7EEB40067AC4A /* Pokedex */ = {
			isa = PBXNativeTarget;
			buildConfigurationList = A114D37120D7EEB50067AC4A /* Build configuration list for PBXNativeTarget "Pokedex" */;
			buildPhases = (
				A114D34520D7EEB40067AC4A /* Sources */,
				A114D34620D7EEB40067AC4A /* Frameworks */,
				A114D34720D7EEB40067AC4A /* Resources */,
			);
			buildRules = (
			);
			dependencies = (
			);
			name = Pokedex;
			productName = Pokedex;
			productReference = A114D34920D7EEB40067AC4A /* Pokedex.app */;
			productType = "com.apple.product-type.application";
		};
		A114D35C20D7EEB50067AC4A /* PokedexTests */ = {
			isa = PBXNativeTarget;
			buildConfigurationList = A114D37420D7EEB50067AC4A /* Build configuration list for PBXNativeTarget "PokedexTests" */;
			buildPhases = (
				A114D35920D7EEB50067AC4A /* Sources */,
				A114D35A20D7EEB50067AC4A /* Frameworks */,
				A114D35B20D7EEB50067AC4A /* Resources */,
			);
			buildRules = (
			);
			dependencies = (
				A114D35F20D7EEB50067AC4A /* PBXTargetDependency */,
			);
			name = PokedexTests;
			productName = PokedexTests;
			productReference = A114D35D20D7EEB50067AC4A /* PokedexTests.xctest */;
			productType = "com.apple.product-type.bundle.unit-test";
		};
		A114D36720D7EEB50067AC4A /* PokedexUITests */ = {
			isa = PBXNativeTarget;
			buildConfigurationList = A114D37720D7EEB50067AC4A /* Build configuration list for PBXNativeTarget "PokedexUITests" */;
			buildPhases = (
				A114D36420D7EEB50067AC4A /* Sources */,
				A114D36520D7EEB50067AC4A /* Frameworks */,
				A114D36620D7EEB50067AC4A /* Resources */,
			);
			buildRules = (
			);
			dependencies = (
				A114D36A20D7EEB50067AC4A /* PBXTargetDependency */,
			);
			name = PokedexUITests;
			productName = PokedexUITests;
			productReference = A114D36820D7EEB50067AC4A /* PokedexUITests.xctest */;
			productType = "com.apple.product-type.bundle.ui-testing";
		};
/* End PBXNativeTarget section */

/* Begin PBXProject section */
		A114D34120D7EEB40067AC4A /* Project object */ = {
			isa = PBXProject;
			attributes = {
				LastSwiftUpdateCheck = 1000;
				LastUpgradeCheck = 1000;
				ORGANIZATIONNAME = "Gavin Craft";
				TargetAttributes = {
					A114D34820D7EEB40067AC4A = {
						CreatedOnToolsVersion = 10.0;
					};
					A114D35C20D7EEB50067AC4A = {
						CreatedOnToolsVersion = 10.0;
						TestTargetID = A114D34820D7EEB40067AC4A;
					};
					A114D36720D7EEB50067AC4A = {
						CreatedOnToolsVersion = 10.0;
						TestTargetID = A114D34820D7EEB40067AC4A;
					};
				};
			};
			buildConfigurationList = A114D34420D7EEB40067AC4A /* Build configuration list for PBXProject "Pokedex" */;
			compatibilityVersion = "Xcode 9.3";
			developmentRegion = en;
			hasScannedForEncodings = 0;
			knownRegions = (
				en,
				Base,
			);
			mainGroup = A114D34020D7EEB40067AC4A;
			productRefGroup = A114D34A20D7EEB40067AC4A /* Products */;
			projectDirPath = "";
			projectRoot = "";
			targets = (
				A114D34820D7EEB40067AC4A /* Pokedex */,
				A114D35C20D7EEB50067AC4A /* PokedexTests */,
				A114D36720D7EEB50067AC4A /* PokedexUITests */,
			);
		};
/* End PBXProject section */

/* Begin PBXResourcesBuildPhase section */
		A114D34720D7EEB40067AC4A /* Resources */ = {
			isa = PBXResourcesBuildPhase;
			buildActionMask = 2147483647;
			files = (
				A114D35720D7EEB50067AC4A /* LaunchScreen.storyboard in Resources */,
				A114D35420D7EEB50067AC4A /* Assets.xcassets in Resources */,
				A114D37B20D7F2070067AC4A /* pokemon.csv in Resources */,
				A114D35220D7EEB40067AC4A /* Main.storyboard in Resources */,
			);
			runOnlyForDeploymentPostprocessing = 0;
		};
		A114D35B20D7EEB50067AC4A /* Resources */ = {
			isa = PBXResourcesBuildPhase;
			buildActionMask = 2147483647;
			files = (
			);
			runOnlyForDeploymentPostprocessing = 0;
		};
		A114D36620D7EEB50067AC4A /* Resources */ = {
			isa = PBXResourcesBuildPhase;
			buildActionMask = 2147483647;
			files = (
			);
			runOnlyForDeploymentPostprocessing = 0;
		};
/* End PBXResourcesBuildPhase section */

/* Begin PBXSourcesBuildPhase section */
		A114D34520D7EEB40067AC4A /* Sources */ = {
			isa = PBXSourcesBuildPhase;
			buildActionMask = 2147483647;
			files = (
				A114D34F20D7EEB40067AC4A /* ViewController.swift in Sources */,
				A114D34D20D7EEB40067AC4A /* AppDelegate.swift in Sources */,
			);
			runOnlyForDeploymentPostprocessing = 0;
		};
		A114D35920D7EEB50067AC4A /* Sources */ = {
			isa = PBXSourcesBuildPhase;
			buildActionMask = 2147483647;
			files = (
				A114D36220D7EEB50067AC4A /* PokedexTests.swift in Sources */,
			);
			runOnlyForDeploymentPostprocessing = 0;
		};
		A114D36420D7EEB50067AC4A /* Sources */ = {
			isa = PBXSourcesBuildPhase;
			buildActionMask = 2147483647;
			files = (
				A114D36D20D7EEB50067AC4A /* PokedexUITests.swift in Sources */,
			);
			runOnlyForDeploymentPostprocessing = 0;
		};
/* End PBXSourcesBuildPhase section */

/* Begin PBXTargetDependency section */
		A114D35F20D7EEB50067AC4A /* PBXTargetDependency */ = {
			isa = PBXTargetDependency;
			target = A114D34820D7EEB40067AC4A /* Pokedex */;
			targetProxy = A114D35E20D7EEB50067AC4A /* PBXContainerItemProxy */;
		};
		A114D36A20D7EEB50067AC4A /* PBXTargetDependency */ = {
			isa = PBXTargetDependency;
			target = A114D34820D7EEB40067AC4A /* Pokedex */;
			targetProxy = A114D36920D7EEB50067AC4A /* PBXContainerItemProxy */;
		};
/* End PBXTargetDependency section */

/* Begin PBXVariantGroup section */
		A114D35020D7EEB40067AC4A /* Main.storyboard */ = {
			isa = PBXVariantGroup;
			children = (
				A114D35120D7EEB40067AC4A /* Base */,
			);
			name = Main.storyboard;
			sourceTree = "<group>";
		};
		A114D35520D7EEB50067AC4A /* LaunchScreen.storyboard */ = {
			isa = PBXVariantGroup;
			children = (
				A114D35620D7EEB50067AC4A /* Base */,
			);
			name = LaunchScreen.storyboard;
			sourceTree = "<group>";
		};
/* End PBXVariantGroup section */

/* Begin XCBuildConfiguration section */
		A114D36F20D7EEB50067AC4A /* Debug */ = {
			isa = XCBuildConfiguration;
			buildSettings = {
				ALWAYS_SEARCH_USER_PATHS = NO;
				CLANG_ANALYZER_NONNULL = YES;
				CLANG_ANALYZER_NUMBER_OBJECT_CONVERSION = YES_AGGRESSIVE;
				CLANG_CXX_LANGUAGE_STANDARD = "gnu++14";
				CLANG_CXX_LIBRARY = "libc++";
				CLANG_ENABLE_MODULES = YES;
				CLANG_ENABLE_OBJC_ARC = YES;
				CLANG_ENABLE_OBJC_WEAK = YES;
				CLANG_WARN_BLOCK_CAPTURE_AUTORELEASING = YES;
				CLANG_WARN_BOOL_CONVERSION = YES;
				CLANG_WARN_COMMA = YES;
				CLANG_WARN_CONSTANT_CONVERSION = YES;
				CLANG_WARN_DEPRECATED_OBJC_IMPLEMENTATIONS = YES;
				CLANG_WARN_DIRECT_OBJC_ISA_USAGE = YES_ERROR;
				CLANG_WARN_DOCUMENTATION_COMMENTS = YES;
				CLANG_WARN_EMPTY_BODY = YES;
				CLANG_WARN_ENUM_CONVERSION = YES;
				CLANG_WARN_INFINITE_RECURSION = YES;
				CLANG_WARN_INT_CONVERSION = YES;
				CLANG_WARN_NON_LITERAL_NULL_CONVERSION = YES;
				CLANG_WARN_OBJC_IMPLICIT_RETAIN_SELF = YES;
				CLANG_WARN_OBJC_LITERAL_CONVERSION = YES;
				CLANG_WARN_OBJC_ROOT_CLASS = YES_ERROR;
				CLANG_WARN_RANGE_LOOP_ANALYSIS = YES;
				CLANG_WARN_STRICT_PROTOTYPES = YES;
				CLANG_WARN_SUSPICIOUS_MOVE = YES;
				CLANG_WARN_UNGUARDED_AVAILABILITY = YES_AGGRESSIVE;
				CLANG_WARN_UNREACHABLE_CODE = YES;
				CLANG_WARN__DUPLICATE_METHOD_MATCH = YES;
				CODE_SIGN_IDENTITY = "iPhone Developer";
				COPY_PHASE_STRIP = NO;
				DEBUG_INFORMATION_FORMAT = dwarf;
				ENABLE_STRICT_OBJC_MSGSEND = YES;
				ENABLE_TESTABILITY = YES;
				GCC_C_LANGUAGE_STANDARD = gnu11;
				GCC_DYNAMIC_NO_PIC = NO;
				GCC_NO_COMMON_BLOCKS = YES;
				GCC_OPTIMIZATION_LEVEL = 0;
				GCC_PREPROCESSOR_DEFINITIONS = (
					"DEBUG=1",
					"$(inherited)",
				);
				GCC_WARN_64_TO_32_BIT_CONVERSION = YES;
				GCC_WARN_ABOUT_RETURN_TYPE = YES_ERROR;
				GCC_WARN_UNDECLARED_SELECTOR = YES;
				GCC_WARN_UNINITIALIZED_AUTOS = YES_AGGRESSIVE;
				GCC_WARN_UNUSED_FUNCTION = YES;
				GCC_WARN_UNUSED_VARIABLE = YES;
				IPHONEOS_DEPLOYMENT_TARGET = 12.0;
				MTL_ENABLE_DEBUG_INFO = INCLUDE_SOURCE;
				ONLY_ACTIVE_ARCH = YES;
				SDKROOT = iphoneos;
				SWIFT_ACTIVE_COMPILATION_CONDITIONS = DEBUG;
				SWIFT_OPTIMIZATION_LEVEL = "-Onone";
			};
			name = Debug;
		};
		A114D37020D7EEB50067AC4A /* Release */ = {
			isa = XCBuildConfiguration;
			buildSettings = {
				ALWAYS_SEARCH_USER_PATHS = NO;
				CLANG_ANALYZER_NONNULL = YES;
				CLANG_ANALYZER_NUMBER_OBJECT_CONVERSION = YES_AGGRESSIVE;
				CLANG_CXX_LANGUAGE_STANDARD = "gnu++14";
				CLANG_CXX_LIBRARY = "libc++";
				CLANG_ENABLE_MODULES = YES;
				CLANG_ENABLE_OBJC_ARC = YES;
				CLANG_ENABLE_OBJC_WEAK = YES;
				CLANG_WARN_BLOCK_CAPTURE_AUTORELEASING = YES;
				CLANG_WARN_BOOL_CONVERSION = YES;
				CLANG_WARN_COMMA = YES;
				CLANG_WARN_CONSTANT_CONVERSION = YES;
				CLANG_WARN_DEPRECATED_OBJC_IMPLEMENTATIONS = YES;
				CLANG_WARN_DIRECT_OBJC_ISA_USAGE = YES_ERROR;
				CLANG_WARN_DOCUMENTATION_COMMENTS = YES;
				CLANG_WARN_EMPTY_BODY = YES;
				CLANG_WARN_ENUM_CONVERSION = YES;
				CLANG_WARN_INFINITE_RECURSION = YES;
				CLANG_WARN_INT_CONVERSION = YES;
				CLANG_WARN_NON_LITERAL_NULL_CONVERSION = YES;
				CLANG_WARN_OBJC_IMPLICIT_RETAIN_SELF = YES;
				CLANG_WARN_OBJC_LITERAL_CONVERSION = YES;
				CLANG_WARN_OBJC_ROOT_CLASS = YES_ERROR;
				CLANG_WARN_RANGE_LOOP_ANALYSIS = YES;
				CLANG_WARN_STRICT_PROTOTYPES = YES;
				CLANG_WARN_SUSPICIOUS_MOVE = YES;
				CLANG_WARN_UNGUARDED_AVAILABILITY = YES_AGGRESSIVE;
				CLANG_WARN_UNREACHABLE_CODE = YES;
				CLANG_WARN__DUPLICATE_METHOD_MATCH = YES;
				CODE_SIGN_IDENTITY = "iPhone Developer";
				COPY_PHASE_STRIP = NO;
				DEBUG_INFORMATION_FORMAT = "dwarf-with-dsym";
				ENABLE_NS_ASSERTIONS = NO;
				ENABLE_STRICT_OBJC_MSGSEND = YES;
				GCC_C_LANGUAGE_STANDARD = gnu11;
				GCC_NO_COMMON_BLOCKS = YES;
				GCC_WARN_64_TO_32_BIT_CONVERSION = YES;
				GCC_WARN_ABOUT_RETURN_TYPE = YES_ERROR;
				GCC_WARN_UNDECLARED_SELECTOR = YES;
				GCC_WARN_UNINITIALIZED_AUTOS = YES_AGGRESSIVE;
				GCC_WARN_UNUSED_FUNCTION = YES;
				GCC_WARN_UNUSED_VARIABLE = YES;
				IPHONEOS_DEPLOYMENT_TARGET = 12.0;
				MTL_ENABLE_DEBUG_INFO = NO;
				SDKROOT = iphoneos;
				SWIFT_COMPILATION_MODE = wholemodule;
				SWIFT_OPTIMIZATION_LEVEL = "-O";
				VALIDATE_PRODUCT = YES;
			};
			name = Release;
		};
		A114D37220D7EEB50067AC4A /* Debug */ = {
			isa = XCBuildConfiguration;
			buildSettings = {
				ASSETCATALOG_COMPILER_APPICON_NAME = AppIcon;
				CODE_SIGN_STYLE = Automatic;
				INFOPLIST_FILE = Pokedex/Info.plist;
				LD_RUNPATH_SEARCH_PATHS = (
					"$(inherited)",
					"@executable_path/Frameworks",
				);
				PRODUCT_BUNDLE_IDENTIFIER = com.balony.Pokedex;
				PRODUCT_NAME = "$(TARGET_NAME)";
				SWIFT_VERSION = 4.2;
				TARGETED_DEVICE_FAMILY = "1,2";
			};
			name = Debug;
		};
		A114D37320D7EEB50067AC4A /* Release */ = {
			isa = XCBuildConfiguration;
			buildSettings = {
				ASSETCATALOG_COMPILER_APPICON_NAME = AppIcon;
				CODE_SIGN_STYLE = Automatic;
				INFOPLIST_FILE = Pokedex/Info.plist;
				LD_RUNPATH_SEARCH_PATHS = (
					"$(inherited)",
					"@executable_path/Frameworks",
				);
				PRODUCT_BUNDLE_IDENTIFIER = com.balony.Pokedex;
				PRODUCT_NAME = "$(TARGET_NAME)";
				SWIFT_VERSION = 4.2;
				TARGETED_DEVICE_FAMILY = "1,2";
			};
			name = Release;
		};
		A114D37520D7EEB50067AC4A /* Debug */ = {
			isa = XCBuildConfiguration;
			buildSettings = {
				ALWAYS_EMBED_SWIFT_STANDARD_LIBRARIES = YES;
				BUNDLE_LOADER = "$(TEST_HOST)";
				CODE_SIGN_STYLE = Automatic;
				INFOPLIST_FILE = PokedexTests/Info.plist;
				LD_RUNPATH_SEARCH_PATHS = (
					"$(inherited)",
					"@executable_path/Frameworks",
					"@loader_path/Frameworks",
				);
				PRODUCT_BUNDLE_IDENTIFIER = com.balony.PokedexTests;
				PRODUCT_NAME = "$(TARGET_NAME)";
				SWIFT_VERSION = 4.2;
				TARGETED_DEVICE_FAMILY = "1,2";
				TEST_HOST = "$(BUILT_PRODUCTS_DIR)/Pokedex.app/Pokedex";
			};
			name = Debug;
		};
		A114D37620D7EEB50067AC4A /* Release */ = {
			isa = XCBuildConfiguration;
			buildSettings = {
				ALWAYS_EMBED_SWIFT_STANDARD_LIBRARIES = YES;
				BUNDLE_LOADER = "$(TEST_HOST)";
				CODE_SIGN_STYLE = Automatic;
				INFOPLIST_FILE = PokedexTests/Info.plist;
				LD_RUNPATH_SEARCH_PATHS = (
					"$(inherited)",
					"@executable_path/Frameworks",
					"@loader_path/Frameworks",
				);
				PRODUCT_BUNDLE_IDENTIFIER = com.balony.PokedexTests;
				PRODUCT_NAME = "$(TARGET_NAME)";
				SWIFT_VERSION = 4.2;
				TARGETED_DEVICE_FAMILY = "1,2";
				TEST_HOST = "$(BUILT_PRODUCTS_DIR)/Pokedex.app/Pokedex";
			};
			name = Release;
		};
		A114D37820D7EEB50067AC4A /* Debug */ = {
			isa = XCBuildConfiguration;
			buildSettings = {
				ALWAYS_EMBED_SWIFT_STANDARD_LIBRARIES = YES;
				CODE_SIGN_STYLE = Automatic;
				INFOPLIST_FILE = PokedexUITests/Info.plist;
				LD_RUNPATH_SEARCH_PATHS = (
					"$(inherited)",
					"@executable_path/Frameworks",
					"@loader_path/Frameworks",
				);
				PRODUCT_BUNDLE_IDENTIFIER = com.balony.PokedexUITests;
				PRODUCT_NAME = "$(TARGET_NAME)";
				SWIFT_VERSION = 4.2;
				TARGETED_DEVICE_FAMILY = "1,2";
				TEST_TARGET_NAME = Pokedex;
			};
			name = Debug;
		};
		A114D37920D7EEB50067AC4A /* Release */ = {
			isa = XCBuildConfiguration;
			buildSettings = {
				ALWAYS_EMBED_SWIFT_STANDARD_LIBRARIES = YES;
				CODE_SIGN_STYLE = Automatic;
				INFOPLIST_FILE = PokedexUITests/Info.plist;
				LD_RUNPATH_SEARCH_PATHS = (
					"$(inherited)",
					"@executable_path/Frameworks",
					"@loader_path/Frameworks",
				);
				PRODUCT_BUNDLE_IDENTIFIER = com.balony.PokedexUITests;
				PRODUCT_NAME = "$(TARGET_NAME)";
				SWIFT_VERSION = 4.2;
				TARGETED_DEVICE_FAMILY = "1,2";
				TEST_TARGET_NAME = Pokedex;
			};
			name = Release;
		};
/* End XCBuildConfiguration section */

/* Begin XCConfigurationList section */
		A114D34420D7EEB40067AC4A /* Build configuration list for PBXProject "Pokedex" */ = {
			isa = XCConfigurationList;
			buildConfigurations = (
				A114D36F20D7EEB50067AC4A /* Debug */,
				A114D37020D7EEB50067AC4A /* Release */,
			);
			defaultConfigurationIsVisible = 0;
			defaultConfigurationName = Release;
		};
		A114D37120D7EEB50067AC4A /* Build configuration list for PBXNativeTarget "Pokedex" */ = {
			isa = XCConfigurationList;
			buildConfigurations = (
				A114D37220D7EEB50067AC4A /* Debug */,
				A114D37320D7EEB50067AC4A /* Release */,
			);
			defaultConfigurationIsVisible = 0;
			defaultConfigurationName = Release;
		};
		A114D37420D7EEB50067AC4A /* Build configuration list for PBXNativeTarget "PokedexTests" */ = {
			isa = XCConfigurationList;
			buildConfigurations = (
				A114D37520D7EEB50067AC4A /* Debug */,
				A114D37620D7EEB50067AC4A /* Release */,
			);
			defaultConfigurationIsVisible = 0;
			defaultConfigurationName = Release;
		};
		A114D37720D7EEB50067AC4A /* Build configuration list for PBXNativeTarget "PokedexUITests" */ = {
			isa = XCConfigurationList;
			buildConfigurations = (
				A114D37820D7EEB50067AC4A /* Debug */,
				A114D37920D7EEB50067AC4A /* Release */,
			);
			defaultConfigurationIsVisible = 0;
			defaultConfigurationName = Release;
		};
/* End XCConfigurationList section */
	};
	rootObject = A114D34120D7EEB40067AC4A /* Project object */;
}
